{
  "requires": true,
  "lockfileVersion": 1,
  "dependencies": {
    "cordova-plugin-speechrecognition": {
      "version": "1.2.0",
      "resolved": "https://registry.npmjs.org/cordova-plugin-speechrecognition/-/cordova-plugin-speechrecognition-1.2.0.tgz",
      "integrity": "sha1-AF8QyJb9kpPYWH/lUiorZC3qlwo="
    },
    "cordova-plugin-tts": {
      "version": "0.2.3",
      "resolved": "https://registry.npmjs.org/cordova-plugin-tts/-/cordova-plugin-tts-0.2.3.tgz",
      "integrity": "sha1-xXQ/bG8lHoy0vEXdM9QamiKZcoc="
    }
  }
}
